
Microsoft Visual Studio Solution File, Format Version 12.00
# Visual Studio Version 17
VisualStudioVersion = 17.13.35931.197
MinimumVisualStudioVersion = 10.0.40219.1
Project("{FAE04EC0-301F-11D3-BF4B-00C04F79EFBC}") = "PROG6212_ST10435542_POE", "PROG6212_ST10435542_POE\PROG6212_ST10435542_POE.csproj", "{CA0AD854-6DC5-49AE-87A1-EB4D71F2B037}"
EndProject
Project("{FAE04EC0-301F-11D3-BF4B-00C04F79EFBC}") = "Part 2 Tests", "Part 2 Tests\Part 2 Tests.csproj", "{C7AFFF64-BA3D-4DEB-93EB-E3E2DBFACD11}"
EndProject
Global
	GlobalSection(SolutionConfigurationPlatforms) = preSolution
		Debug|Any CPU = Debug|Any CPU
		Release|Any CPU = Release|Any CPU
	EndGlobalSection
	GlobalSection(ProjectConfigurationPlatforms) = postSolution
		{CA0AD854-6DC5-49AE-87A1-EB4D71F2B037}.Debug|Any CPU.ActiveCfg = Debug|Any CPU
		{CA0AD854-6DC5-49AE-87A1-EB4D71F2B037}.Debug|Any CPU.Build.0 = Debug|Any CPU
		{CA0AD854-6DC5-49AE-87A1-EB4D71F2B037}.Release|Any CPU.ActiveCfg = Release|Any CPU
		{CA0AD854-6DC5-49AE-87A1-EB4D71F2B037}.Release|Any CPU.Build.0 = Release|Any CPU
		{C7AFFF64-BA3D-4DEB-93EB-E3E2DBFACD11}.Debug|Any CPU.ActiveCfg = Debug|Any CPU
		{C7AFFF64-BA3D-4DEB-93EB-E3E2DBFACD11}.Debug|Any CPU.Build.0 = Debug|Any CPU
		{C7AFFF64-BA3D-4DEB-93EB-E3E2DBFACD11}.Release|Any CPU.ActiveCfg = Release|Any CPU
		{C7AFFF64-BA3D-4DEB-93EB-E3E2DBFACD11}.Release|Any CPU.Build.0 = Release|Any CPU
	EndGlobalSection
	GlobalSection(SolutionProperties) = preSolution
		HideSolutionNode = FALSE
	EndGlobalSection
	GlobalSection(ExtensibilityGlobals) = postSolution
		SolutionGuid = {D9A8171D-0460-4859-BA6A-44095729E4C1}
	EndGlobalSection
EndGlobal
